Microsoft Visual Studio Solution File, Format Version 12.00
# Visual Studio Version 17
VisualStudioVersion = 17.5.2.0
MinimumVisualStudioVersion = 10.0.40219.1
Project("{FAE04EC0-301F-11D3-BF4B-00C04F79EFBC}") = "HolaMundoNet", "HolaMundoNet.csproj", "{ED923522-147E-E58F-EC9D-516793454EDE}"
EndProject
Global
	GlobalSection(SolutionConfigurationPlatforms) = preSolution
		Debug|Any CPU = Debug|Any CPU
		Release|Any CPU = Release|Any CPU
	EndGlobalSection
	GlobalSection(ProjectConfigurationPlatforms) = postSolution
		{ED923522-147E-E58F-EC9D-516793454EDE}.Debug|Any CPU.ActiveCfg = Debug|Any CPU
		{ED923522-147E-E58F-EC9D-516793454EDE}.Debug|Any CPU.Build.0 = Debug|Any CPU
		{ED923522-147E-E58F-EC9D-516793454EDE}.Release|Any CPU.ActiveCfg = Release|Any CPU
		{ED923522-147E-E58F-EC9D-516793454EDE}.Release|Any CPU.Build.0 = Release|Any CPU
	EndGlobalSection
	GlobalSection(SolutionProperties) = preSolution
		HideSolutionNode = FALSE
	EndGlobalSection
	GlobalSection(ExtensibilityGlobals) = postSolution
		SolutionGuid = {AAC7FA9F-FDD2-48CF-B782-95BCB5B4EB95}
	EndGlobalSection
EndGlobal
